{
  "requires": true,
  "lockfileVersion": 1,
  "dependencies": {
    "lottie-web": {
      "version": "5.5.1",
      "resolved": "https://registry.npmjs.org/lottie-web/-/lottie-web-5.5.1.tgz",
      "integrity": "sha512-E/U7BuypgLVqFwGruTMpeyNH+dUmShE4oKxMMKMgfGyG7Ix3ByLCIgaf3IHs6Os3aTLleUS0eeN51b/MkXbsSw=="
    }
  }
}
